{
    "_meta": {
        "hash": {
            "sha256": "ba376e37ade6ec06633ffc7c7edbed21ff956f9709539ad2e9a84bb9f483cb50"
        },
        "pipfile-spec": 6,
        "requires": {
            "python_version": "3.7"
        },
        "sources": [
            {
                "name": "pypi",
                "url": "https://pypi.org/simple",
                "verify_ssl": true
            }
        ]
    },
    "default": {
        "aiofiles": {
            "hashes": [
                "sha256:a1c4fc9b2ff81568c83e21392a82f344ea9d23da906e4f6a52662764545e19d4",
                "sha256:c67a6823b5f23fcab0a2595a289cec7d8c863ffcb4322fb8cd6b90400aedfdbc"
            ],
            "index": "pypi",
            "version": "==0.7.0"
        },
        "aiohttp": {
            "hashes": [
                "sha256:173267050501e1537293df06723bc5e719990889e2820ba3932969983892e960",
                "sha256:438f1f1555c02c50894604d94944cff188fe138b46467b7fa99fdceb51ab5842",
                "sha256:90bed250d1435aef33a1f8c439c5056d5d25a44fe6caf33fcafafed805bad4dc",
                "sha256:93c3b14747413f38f094a60e98f55e73831f0c9a23ae7faa3dc97d8963e13021",
                "sha256:a6e70a38d883185b1921d8122759661c39ade54949770394412a9e713fec6fa7",
                "sha256:b5036133c1ba77ed5a70208d2a021a90b76fdf8bf523ae33dae46d4f4380d86f",
                "sha256:c138451a82cdbf65cddf952941d5c7a1a2cac8ce3bc618dee8d889e5251ec7a5",
                "sha256:c94770383e49f9cc5912b926364ad022a6c8a5dbf5498933ca3a5713c6daf738",
                "sha256:ea26536ae06df6dac021303a0df72c79e55512070e6a304ba93ad468a3a754dc"
            ],
            "index": "pypi",
            "version": "==4.0.0a1"
        },
        "argparse": {
            "hashes": [
                "sha256:62b089a55be1d8949cd2bc7e0df0bddb9e028faefc8c32038cc84862aefdd6e4",
                "sha256:c31647edb69fd3d465a847ea3157d37bed1f95f19760b11a47aa91c04b666314"
            ],
            "version": "==1.4.0"
        },
        "async-timeout": {
            "hashes": [
                "sha256:0c3c816a028d47f659d6ff5c745cb2acf1f966da1fe5c19c77a70282b25f4c5f",
                "sha256:4291ca197d287d274d0b6cb5d6f8f8f82d434ed288f962539ff18cc9012f9ea3"
            ],
            "markers": "python_full_version >= '3.5.3'",
            "version": "==3.0.1"
        },
        "attrs": {
            "hashes": [
                "sha256:149e90d6d8ac20db7a955ad60cf0e6881a3f20d37096140088356da6c716b0b1",
                "sha256:ef6aaac3ca6cd92904cdd0d83f629a15f18053ec84e6432106f7a4d04ae4f5fb"
            ],
            "markers": "python_version >= '2.7' and python_version not in '3.0, 3.1, 3.2, 3.3, 3.4'",
            "version": "==21.2.0"
        },
        "chardet": {
            "hashes": [
                "sha256:84ab92ed1c4d4f16916e05906b6b75a6c0fb5db821cc65e70cbd64a3e2a5eaae",
                "sha256:fc323ffcaeaed0e0a02bf4d117757b98aed530d9ed4531e3e15460124c106691"
            ],
            "markers": "python_version >= '2.7' and python_version not in '3.0, 3.1, 3.2, 3.3, 3.4'",
            "version": "==3.0.4"
        },
        "colorama": {
            "hashes": [
                "sha256:5941b2b48a20143d2267e95b1c2a7603ce057ee39fd88e7329b0c292aa16869b",
                "sha256:9f47eda37229f68eee03b24b9748937c7dc3868f906e8ba69fbcbdd3bc5dc3e2"
            ],
            "markers": "platform_system == 'Windows'",
            "version": "==0.4.4"
        },
        "idna": {
            "hashes": [
                "sha256:14475042e284991034cb48e06f6851428fb14c4dc953acd9be9a5e95c7b6dd7a",
                "sha256:467fbad99067910785144ce333826c71fb0e63a425657295239737f7ecd125f3"
            ],
            "markers": "python_version >= '3.5'",
            "version": "==3.2"
        },
        "linecache2": {
            "hashes": [
                "sha256:4b26ff4e7110db76eeb6f5a7b64a82623839d595c2038eeda662f2a2db78e97c",
                "sha256:e78be9c0a0dfcbac712fe04fbf92b96cddae80b1b842f24248214c8496f006ef"
            ],
            "version": "==1.0.0"
        },
        "multidict": {
            "hashes": [
                "sha256:1ece5a3369835c20ed57adadc663400b5525904e53bae59ec854a5d36b39b21a",
                "sha256:275ca32383bc5d1894b6975bb4ca6a7ff16ab76fa622967625baeebcf8079000",
                "sha256:3750f2205b800aac4bb03b5ae48025a64e474d2c6cc79547988ba1d4122a09e2",
                "sha256:4538273208e7294b2659b1602490f4ed3ab1c8cf9dbdd817e0e9db8e64be2507",
                "sha256:5141c13374e6b25fe6bf092052ab55c0c03d21bd66c94a0e3ae371d3e4d865a5",
                "sha256:51a4d210404ac61d32dada00a50ea7ba412e6ea945bbe992e4d7a595276d2ec7",
                "sha256:5cf311a0f5ef80fe73e4f4c0f0998ec08f954a6ec72b746f3c179e37de1d210d",
                "sha256:6513728873f4326999429a8b00fc7ceddb2509b01d5fd3f3be7881a257b8d463",
                "sha256:7388d2ef3c55a8ba80da62ecfafa06a1c097c18032a501ffd4cabbc52d7f2b19",
                "sha256:9456e90649005ad40558f4cf51dbb842e32807df75146c6d940b6f5abb4a78f3",
                "sha256:c026fe9a05130e44157b98fea3ab12969e5b60691a276150db9eda71710cd10b",
                "sha256:d14842362ed4cf63751648e7672f7174c9818459d169231d03c56e84daf90b7c",
                "sha256:e0d072ae0f2a179c375f67e3da300b47e1a83293c554450b29c900e50afaae87",
                "sha256:f07acae137b71af3bb548bd8da720956a3bc9f9a0b87733e0899226a2317aeb7",
                "sha256:fbb77a75e529021e7c4a8d4e823d88ef4d23674a202be4f5addffc72cbb91430",
                "sha256:fcfbb44c59af3f8ea984de67ec7c306f618a3ec771c2843804069917a8f2e255",
                "sha256:feed85993dbdb1dbc29102f50bca65bdc68f2c0c8d352468c25b54874f23c39d"
            ],
            "markers": "python_version >= '3.5'",
            "version": "==4.7.6"
        },
        "nose": {
            "hashes": [
                "sha256:9ff7c6cc443f8c51994b34a667bbcf45afd6d945be7477b52e97516fd17c53ac",
                "sha256:dadcddc0aefbf99eea214e0f1232b94f2fa9bd98fa8353711dacb112bfcbbb2a",
                "sha256:f1bffef9cbc82628f6e7d7b40d7e255aefaa1adb6a1b1d26c69a8b79e6208a98"
            ],
            "version": "==1.3.7"
        },
        "pillow": {
            "hashes": [
                "sha256:0412516dcc9de9b0a1e0ae25a280015809de8270f134cc2c1e32c4eeb397cf30",
                "sha256:04835e68ef12904bc3e1fd002b33eea0779320d4346082bd5b24bec12ad9c3e9",
                "sha256:06d1adaa284696785375fa80a6a8eb309be722cf4ef8949518beb34487a3df71",
                "sha256:085a90a99404b859a4b6c3daa42afde17cb3ad3115e44a75f0d7b4a32f06a6c9",
                "sha256:0b9911ec70731711c3b6ebcde26caea620cbdd9dcb73c67b0730c8817f24711b",
                "sha256:10e00f7336780ca7d3653cf3ac26f068fa11b5a96894ea29a64d3dc4b810d630",
                "sha256:11c27e74bab423eb3c9232d97553111cc0be81b74b47165f07ebfdd29d825875",
                "sha256:11eb7f98165d56042545c9e6db3ce394ed8b45089a67124298f0473b29cb60b2",
                "sha256:13654b521fb98abdecec105ea3fb5ba863d1548c9b58831dd5105bb3873569f1",
                "sha256:15ccb81a6ffc57ea0137f9f3ac2737ffa1d11f786244d719639df17476d399a7",
                "sha256:18a07a683805d32826c09acfce44a90bf474e6a66ce482b1c7fcd3757d588df3",
                "sha256:19ec4cfe4b961edc249b0e04b5618666c23a83bc35842dea2bfd5dfa0157f81b",
                "sha256:1c3ff00110835bdda2b1e2b07f4a2548a39744bb7de5946dc8e95517c4fb2ca6",
                "sha256:27a330bf7014ee034046db43ccbb05c766aa9e70b8d6c5260bfc38d73103b0ba",
                "sha256:2b11c9d310a3522b0fd3c35667914271f570576a0e387701f370eb39d45f08a4",
                "sha256:2c661542c6f71dfd9dc82d9d29a8386287e82813b0375b3a02983feac69ef864",
                "sha256:2cde7a4d3687f21cffdf5bb171172070bb95e02af448c4c8b2f223d783214056",
                "sha256:2d5e9dc0bf1b5d9048a94c48d0813b6c96fccfa4ccf276d9c36308840f40c228",
                "sha256:2f23b2d3079522fdf3c09de6517f625f7a964f916c956527bed805ac043799b8",
                "sha256:35d27687f027ad25a8d0ef45dd5208ef044c588003cdcedf05afb00dbc5c2deb",
                "sha256:35d409030bf3bd05fa66fb5fdedc39c521b397f61ad04309c90444e893d05f7d",
                "sha256:4326ea1e2722f3dc00ed77c36d3b5354b8fb7399fb59230249ea6d59cbed90da",
                "sha256:4abc247b31a98f29e5224f2d31ef15f86a71f79c7f4d2ac345a5d551d6393073",
                "sha256:4d89a2e9219a526401015153c0e9dd48319ea6ab9fe3b066a20aa9aee23d9fd3",
                "sha256:4e59e99fd680e2b8b11bbd463f3c9450ab799305d5f2bafb74fefba6ac058616",
                "sha256:548794f99ff52a73a156771a0402f5e1c35285bd981046a502d7e4793e8facaa",
                "sha256:56fd98c8294f57636084f4b076b75f86c57b2a63a8410c0cd172bc93695ee979",
                "sha256:59697568a0455764a094585b2551fd76bfd6b959c9f92d4bdec9d0e14616303a",
                "sha256:6bff50ba9891be0a004ef48828e012babaaf7da204d81ab9be37480b9020a82b",
                "sha256:6cb3dd7f23b044b0737317f892d399f9e2f0b3a02b22b2c692851fb8120d82c6",
                "sha256:7dbfbc0020aa1d9bc1b0b8bcf255a7d73f4ad0336f8fd2533fcc54a4ccfb9441",
                "sha256:838eb85de6d9307c19c655c726f8d13b8b646f144ca6b3771fa62b711ebf7624",
                "sha256:8b68f565a4175e12e68ca900af8910e8fe48aaa48fd3ca853494f384e11c8bcd",
                "sha256:8f284dc1695caf71a74f24993b7c7473d77bc760be45f776a2c2f4e04c170550",
                "sha256:963ebdc5365d748185fdb06daf2ac758116deecb2277ec5ae98139f93844bc09",
                "sha256:a048dad5ed6ad1fad338c02c609b862dfaa921fcd065d747194a6805f91f2196",
                "sha256:a1bd983c565f92779be456ece2479840ec39d386007cd4ae83382646293d681b",
                "sha256:a66566f8a22561fc1a88dc87606c69b84fa9ce724f99522cf922c801ec68f5c1",
                "sha256:bcb04ff12e79b28be6c9988f275e7ab69f01cc2ba319fb3114f87817bb7c74b6",
                "sha256:bd24054aaf21e70a51e2a2a5ed1183560d3a69e6f9594a4bfe360a46f94eba83",
                "sha256:be25cb93442c6d2f8702c599b51184bd3ccd83adebd08886b682173e09ef0c3f",
                "sha256:c691b26283c3a31594683217d746f1dad59a7ae1d4cfc24626d7a064a11197d4",
                "sha256:cc9d0dec711c914ed500f1d0d3822868760954dce98dfb0b7382a854aee55d19",
                "sha256:ce2e5e04bb86da6187f96d7bab3f93a7877830981b37f0287dd6479e27a10341",
                "sha256:ce651ca46d0202c302a535d3047c55a0131a720cf554a578fc1b8a2aff0e7d96",
                "sha256:d0c8ebbfd439c37624db98f3877d9ed12c137cadd99dde2d2eae0dab0bbfc355",
                "sha256:d675a876b295afa114ca8bf42d7f86b5fb1298e1b6bb9a24405a3f6c8338811c",
                "sha256:dde3f3ed8d00c72631bc19cbfff8ad3b6215062a5eed402381ad365f82f0c18c",
                "sha256:e5a31c07cea5edbaeb4bdba6f2b87db7d3dc0f446f379d907e51cc70ea375629",
                "sha256:f514c2717012859ccb349c97862568fdc0479aad85b0270d6b5a6509dbc142e2",
                "sha256:fc0db32f7223b094964e71729c0361f93db43664dd1ec86d3df217853cedda87",
                "sha256:fd4fd83aa912d7b89b4b4a1580d30e2a4242f3936882a3f433586e5ab97ed0d5",
                "sha256:feb5db446e96bfecfec078b943cc07744cc759893cef045aa8b8b6d6aaa8274e"
            ],
            "index": "pypi",
            "version": "==8.3.2"
        },
        "polib": {
            "hashes": [
                "sha256:d3ee85e0c6788f789353416b1612c6c92d75fe6ccfac0029711974d6abd0f86d",
                "sha256:e02c355ae5e054912e3b0d16febc56510eff7e49d60bf22aecb463bd2f2a2dfa"
            ],
            "index": "pypi",
            "version": "==1.1.1"
        },
        "protobuf": {
            "hashes": [
                "sha256:0b00429b87821f1e6f3d641327864e6f271763ae61799f7540bc58a352825fe2",
                "sha256:2636c689a6a2441da9a2ef922a21f9b8bfd5dfe676abd77d788db4b36ea86bee",
                "sha256:2becd0e238ae34caf96fa7365b87f65b88aebcf7864dfe5ab461c5005f4256d9",
                "sha256:2db6940c1914fa3fbfabc0e7c8193d9e18b01dbb4650acac249b113be3ba8d9e",
                "sha256:32f0bcdf85e0040f36b4f548c71177027f2a618cab00ba235197fa9e230b7289",
                "sha256:3d59825cba9447e8f4fcacc1f3c892cafd28b964e152629b3f420a2fb5918b5a",
                "sha256:4794a7748ee645d2ae305f3f4f0abd459e789c973b5bc338008960f83e0c554b",
                "sha256:50b7bb2124f6a1fb0ddc6a44428ae3a21e619ad2cdf08130ac6c00534998ef07",
                "sha256:6009f3ebe761fad319b52199a49f1efa7a3729302947a78a3f5ea8e7e89e3ac2",
                "sha256:a7b6cf201e67132ca99b8a6c4812fab541fdce1ceb54bb6f66bc336ab7259138",
                "sha256:b6842284bb15f1b19c50c5fd496f1e2a4cfefdbdfa5d25c02620cb82793295a7",
                "sha256:c0c8d7c8f07eacd9e98a907941b56e57883cf83de069cfaeaa7e02c582f72ddb",
                "sha256:c99e5aea75b6f2b29c8d8da5bdc5f5ed8d9a5b4f15115c8316a3f0a850f94656",
                "sha256:e2bd5c98952db3f1bb1af2e81b6a208909d3b8a2d32f7525c5cc10a6338b6593",
                "sha256:e77ca4e1403b363a88bde9e31c11d093565e925e1685f40b29385a52f2320794",
                "sha256:ef991cbe34d7bb935ba6349406a210d3558b9379c21621c6ed7b99112af7350e",
                "sha256:f10ba89f9cd508dc00e469918552925ef7cba38d101ca47af1e78f2f9982c6b3",
                "sha256:f1796e0eb911bf5b08e76b753953effbeb6bc42c95c16597177f627eaa52c375"
            ],
            "index": "pypi",
            "version": "==3.12.4"
        },
        "rectpack": {
            "hashes": [
                "sha256:473f799e097e2b958ee660e1559fb4e50a800eb0b4f455d4ec7836ab4c3fe849"
            ],
            "index": "pypi",
            "version": "==0.2.1"
        },
        "six": {
            "hashes": [
                "sha256:1e61c37477a1626458e36f7b1d82aa5c9b094fa4802892072e49de9c60c4c926",
                "sha256:8abb2f1d86890a2dfb989f9a77cfcfd3e47c2a354b01111771326f8aa26e0254"
            ],
            "markers": "python_version >= '2.7' and python_version not in '3.0, 3.1, 3.2, 3.3'",
            "version": "==1.16.0"
        },
        "tqdm": {
            "hashes": [
                "sha256:8dd278a422499cd6b727e6ae4061c40b48fce8b76d1ccbf5d34fca9b7f925b0c",
                "sha256:d359de7217506c9851b7869f3708d8ee53ed70a1b8edbba4dbcb47442592920d"
            ],
            "index": "pypi",
            "version": "==4.62.3"
        },
        "traceback2": {
            "hashes": [
                "sha256:05acc67a09980c2ecfedd3423f7ae0104839eccb55fc645773e1caa0951c3030",
                "sha256:8253cebec4b19094d67cc5ed5af99bf1dba1285292226e98a31929f87a5d6b23"
            ],
            "version": "==1.4.0"
        },
        "typing-extensions": {
            "hashes": [
                "sha256:49f75d16ff11f1cd258e1b988ccff82a3ca5570217d7ad8c5f48205dd99a677e",
                "sha256:d8226d10bc02a29bcc81df19a26e56a9647f8b0a6d4a83924139f4a8b01f17b7",
                "sha256:f1d25edafde516b146ecd0613dabcc61409817af4766fbbcfb8d1ad4ec441a34"
            ],
            "markers": "python_version < '3.8'",
            "version": "==3.10.0.2"
        },
        "unittest2": {
            "hashes": [
                "sha256:13f77d0875db6d9b435e1d4f41e74ad4cc2eb6e1d5c824996092b3430f088bb8",
                "sha256:22882a0e418c284e1f718a822b3b022944d53d2d908e1690b319a9d3eb2c0579"
            ],
            "version": "==1.1.0"
        },
        "yarl": {
            "hashes": [
                "sha256:00d7ad91b6583602eb9c1d085a2cf281ada267e9a197e8b7cae487dadbfa293e",
                "sha256:0355a701b3998dcd832d0dc47cc5dedf3874f966ac7f870e0f3a6788d802d434",
                "sha256:15263c3b0b47968c1d90daa89f21fcc889bb4b1aac5555580d74565de6836366",
                "sha256:2ce4c621d21326a4a5500c25031e102af589edb50c09b321049e388b3934eec3",
                "sha256:31ede6e8c4329fb81c86706ba8f6bf661a924b53ba191b27aa5fcee5714d18ec",
                "sha256:324ba3d3c6fee56e2e0b0d09bf5c73824b9f08234339d2b788af65e60040c959",
                "sha256:329412812ecfc94a57cd37c9d547579510a9e83c516bc069470db5f75684629e",
                "sha256:4736eaee5626db8d9cda9eb5282028cc834e2aeb194e0d8b50217d707e98bb5c",
                "sha256:4953fb0b4fdb7e08b2f3b3be80a00d28c5c8a2056bb066169de00e6501b986b6",
                "sha256:4c5bcfc3ed226bf6419f7a33982fb4b8ec2e45785a0561eb99274ebbf09fdd6a",
                "sha256:547f7665ad50fa8563150ed079f8e805e63dd85def6674c97efd78eed6c224a6",
                "sha256:5b883e458058f8d6099e4420f0cc2567989032b5f34b271c0827de9f1079a424",
                "sha256:63f90b20ca654b3ecc7a8d62c03ffa46999595f0167d6450fa8383bab252987e",
                "sha256:68dc568889b1c13f1e4745c96b931cc94fdd0defe92a72c2b8ce01091b22e35f",
                "sha256:69ee97c71fee1f63d04c945f56d5d726483c4762845400a6795a3b75d56b6c50",
                "sha256:6d6283d8e0631b617edf0fd726353cb76630b83a089a40933043894e7f6721e2",
                "sha256:72a660bdd24497e3e84f5519e57a9ee9220b6f3ac4d45056961bf22838ce20cc",
                "sha256:73494d5b71099ae8cb8754f1df131c11d433b387efab7b51849e7e1e851f07a4",
                "sha256:7356644cbed76119d0b6bd32ffba704d30d747e0c217109d7979a7bc36c4d970",
                "sha256:8a9066529240171b68893d60dca86a763eae2139dd42f42106b03cf4b426bf10",
                "sha256:8aa3decd5e0e852dc68335abf5478a518b41bf2ab2f330fe44916399efedfae0",
                "sha256:97b5bdc450d63c3ba30a127d018b866ea94e65655efaf889ebeabc20f7d12406",
                "sha256:9ede61b0854e267fd565e7527e2f2eb3ef8858b301319be0604177690e1a3896",
                "sha256:b2e9a456c121e26d13c29251f8267541bd75e6a1ccf9e859179701c36a078643",
                "sha256:b5dfc9a40c198334f4f3f55880ecf910adebdcb2a0b9a9c23c9345faa9185721",
                "sha256:bafb450deef6861815ed579c7a6113a879a6ef58aed4c3a4be54400ae8871478",
                "sha256:c49ff66d479d38ab863c50f7bb27dee97c6627c5fe60697de15529da9c3de724",
                "sha256:ce3beb46a72d9f2190f9e1027886bfc513702d748047b548b05dab7dfb584d2e",
                "sha256:d26608cf178efb8faa5ff0f2d2e77c208f471c5a3709e577a7b3fd0445703ac8",
                "sha256:d597767fcd2c3dc49d6eea360c458b65643d1e4dbed91361cf5e36e53c1f8c96",
                "sha256:d5c32c82990e4ac4d8150fd7652b972216b204de4e83a122546dce571c1bdf25",
                "sha256:d8d07d102f17b68966e2de0e07bfd6e139c7c02ef06d3a0f8d2f0f055e13bb76",
                "sha256:e46fba844f4895b36f4c398c5af062a9808d1f26b2999c58909517384d5deda2",
                "sha256:e6b5460dc5ad42ad2b36cca524491dfcaffbfd9c8df50508bddc354e787b8dc2",
                "sha256:f040bcc6725c821a4c0665f3aa96a4d0805a7aaf2caf266d256b8ed71b9f041c",
                "sha256:f0b059678fd549c66b89bed03efcabb009075bd131c248ecdf087bdb6faba24a",
                "sha256:fcbb48a93e8699eae920f8d92f7160c03567b421bc17362a9ffbbd706a816f71"
            ],
            "markers": "python_version >= '3.6'",
            "version": "==1.6.3"
        }
    },
    "develop": {
        "altgraph": {
            "hashes": [
                "sha256:743628f2ac6a7c26f5d9223c91ed8ecbba535f506f4b6f558885a8a56a105857",
                "sha256:ebf2269361b47d97b3b88e696439f6e4cbc607c17c51feb1754f90fb79839158"
            ],
            "version": "==0.17.2"
        },
        "astroid": {
            "hashes": [
                "sha256:3975a0bd5373bdce166e60c851cfcbaf21ee96de80ec518c1f4cb3e94c3fb334",
                "sha256:ab7f36e8a78b8e54a62028ba6beef7561db4cdb6f2a5009ecc44a6f42b5697ef"
            ],
            "markers": "python_version ~= '3.6'",
            "version": "==2.6.6"
        },
        "backcall": {
            "hashes": [
                "sha256:5cbdbf27be5e7cfadb448baf0aa95508f91f2bbc6c6437cd9cd06e2a4c215e1e",
                "sha256:fbbce6a29f263178a1f7915c1940bde0ec2b2a967566fe1c65c1dfb7422bd255"
            ],
            "version": "==0.2.0"
        },
        "black": {
            "hashes": [
                "sha256:380f1b5da05e5a1429225676655dddb96f5ae8c75bdf91e53d798871b902a115",
                "sha256:7de4cfc7eb6b710de325712d40125689101d21d25283eed7e9998722cf10eb91"
            ],
            "index": "pypi",
            "version": "==21.9b0"
        },
        "cffi": {
            "hashes": [
                "sha256:016ba30a6c3e93e48fd57b1a8624516aeba61f85ed1d5c31d9dd34f77fdff4f6",
                "sha256:0e4d1c32812d5885956ba1489052ecd86a8cdde2f334568343e8bc646c7e2cb4",
                "sha256:104516acf2608c22b5d44a58e0819da275c21e1751df69bd077a70fc8f016e18",
                "sha256:1edddb00facd25f2fb0cc2f271b3a795cbbe804b36319ace01d15fb962309293",
                "sha256:23feec3ff73fd47d9bf3fed96e5debb32727c67c9dcbfea67e172f8fac4500e6",
                "sha256:28036db6711fcc83d154e3022270508bcfe20a4839e79b8f9f0776555512f2a4",
                "sha256:2941c0ae3161b185b116eb939386c9c1dc8d4294ea0a3886c7248c50c23defe8",
                "sha256:2bcca3d8cbaf4e3250f5c4916bf32e2da8ce3fd8163303ce41d9b703df38d31e",
                "sha256:3d804d22084ba6cee9922cab3b0f665021be93efe40d528c6c32a73caae587eb",
                "sha256:3e11347d5d19bd13359587270f2b4580fc3a6761fedb7d4a81ffac2e68c66b6c",
                "sha256:415529aaf4d9b4c00b3a75fb30f82cafbb4487f96b3c7fbf424cebc978c96a32",
                "sha256:42e4cb8e0705f7757816bfa6a771db1c5933f69cbab0d96a1a5a2d955237086e",
                "sha256:577c7c7a5f7065ec9bf33b9ca2de96d8f579e39fff3bc94a9acd018c0db7dac1",
                "sha256:66dee5853862e63d521354f7034714ad1c925e025641a4a19548e32580790a47",
                "sha256:6a78361a30688afc1c79f09cee629dc5f6d627f7fbd43ab9a37b239e7609940f",
                "sha256:6de0c4a6e53877696115221aefbea22eb9d31a4b2fc0756c7e4c970668376a60",
                "sha256:6e1db0b63067f1a96f1b92fc8149aa20327a11d18ab3e3ad23be2d8aeb3a6bbb",
                "sha256:71e842ed506fd588a427cbc127dc91d0727468f73d581fed02955256cd4bbdbb",
                "sha256:720985a41a7be5ca5d17fa9196b4965c226b85f6c57e7b2f6c6debed657faa23",
                "sha256:7623bbfc421d26698cc9dc4b8907ca6a149c7547d5c94ac6f55b1685e9f187b1",
                "sha256:78f691b8c882d65162062bb10a69423f9d3005b3c8ec9977c60e14fe0036525f",
                "sha256:8a2b1001ece83aabd818d334659a97cf3c0158501442f20fee7305c8ac3059cb",
                "sha256:8c16099cb2d5a61b9ac4aa77de25a6376bb96c8f94ea96e2c69e625cd222e7ae",
                "sha256:94261a9a318c6620b1e079f2ce15ff13c90305e880eaba1f9450e47ac4ea8b4a",
                "sha256:9660de460a5cae80b896e560dcdbf4a4f1d055a88512207d582a361f47eb0dca",
                "sha256:966df3527b71319f28fc6a723b727d5d6abc3298dff56262b20cc4236c26cb8f",
                "sha256:98b299690d7a0c544bf0f211eabe426ad57751c657139aa4d3333d357c43f638",
                "sha256:9c2e5e75c7c3d65131a366e0ae460542a1ace97ae93cc0f283f9efff1a97ebfa",
                "sha256:afc696d8e7f3db5cbd32ae13ba53848aa6eec0a85d19ada7363443a27505c651",
                "sha256:b6cf0921851b21ee5337e48a487e21a52d629453b42c85a6225776d9300c39ef",
                "sha256:b8f4891d4f4772bab7d39f748ffcce39be83dac3bdf93d4e40bbd9e2ce1eb5c4",
                "sha256:b96741e5ab3290aae9712e708362d4843e77d8a2418a3af3c08dda14d9691bab",
                "sha256:c248be3c030cf7e0d035479b3d8d7ce4e4107959551196413897876c90c77d85",
                "sha256:c4a469421402b50e48cc2ffa05229cbdd7dc0164ce2d31eae6b2ac8195ef9634",
                "sha256:c5c8578e7fe6aca1dd2a1335ca977efce8bf2d38bc54568f120b912d7ab8d9c7",
                "sha256:c7ed3d86d61284d5c0910c8c0988a645cf6723fa2deabe1b149112b2ebe0547e",
                "sha256:ccec0368227d02c2ae5dc0881d8075bfa8fa87232f027d375a795d8a0f70c73a",
                "sha256:d475cef45640f69ee779720c2fecfcef7cf2a869a0e7e7297ec7854db6cb6a04",
                "sha256:d6491e6e623abb27d20f42e37011d28380792ffbba3657bc9fef464c8b5ca1cb",
                "sha256:d6f8782c19a0b12b4c5d9cefe1b2ca1636591531c7f20c4ae4d7c5b4077d3af5",
                "sha256:d89fcd91a1e0da07b35fbe09f0e10fff880e9ca5f76478f6bbfab10c9c9ef6f2",
                "sha256:e0874c097458ce6933cdb1918f2e601e48772d10b8aff478f02d949c757aed97",
                "sha256:e185aa34d2ab08e0fe1f6bd60aa6950bfcb84059e7debb8bcfb4f1818eafd6e3",
                "sha256:e29accdb21f2186b80b60b07af29d752666fe7bbf057e08c54741740877909b2",
                "sha256:e34d93929b4cf93e736be64c0c926af6bf90f0887de0253de233509665d36c9c",
                "sha256:e42f7138056b2428cd6197351940ef36d214b8923dbb496af73ac717552cdfec",
                "sha256:e4bb67bdef349768f3e662b63d3fc6a939e9e425326acebe4c0c1b48b6f38267",
                "sha256:f3765dc391a99564c9b0e6030398a68d5f862e48b96e37fa66ba8101790642e8",
                "sha256:f909436b96a032aed0a8529464910ae7665b5826b35801a03d9012dde3fcc9cb",
                "sha256:fb2efcf7e942cf58c221adf0b39e8d55d252d2962ed7e8c511f3eec57a903f56"
            ],
            "index": "pypi",
            "version": "==1.15.0rc1"
        },
        "click": {
            "hashes": [
                "sha256:8c04c11192119b1ef78ea049e0a6f0463e4c48ef00a30160c704337586f3ad7a",
                "sha256:fba402a4a47334742d782209a7c79bc448911afe1149d07bdabdf480b3e2f4b6"
            ],
            "markers": "python_version >= '3.6'",
            "version": "==8.0.1"
        },
        "colorama": {
            "hashes": [
                "sha256:5941b2b48a20143d2267e95b1c2a7603ce057ee39fd88e7329b0c292aa16869b",
                "sha256:9f47eda37229f68eee03b24b9748937c7dc3868f906e8ba69fbcbdd3bc5dc3e2"
            ],
            "markers": "platform_system == 'Windows'",
            "version": "==0.4.4"
        },
        "decorator": {
            "hashes": [
                "sha256:7b12e7c3c6ab203a29e157335e9122cb03de9ab7264b137594103fd4a683b374",
                "sha256:e59913af105b9860aa2c8d3272d9de5a56a4e608db9a2f167a8480b323d529a7"
            ],
            "markers": "python_version >= '3.5'",
            "version": "==5.1.0"
        },
        "future": {
            "hashes": [
                "sha256:b1bead90b70cf6ec3f0710ae53a525360fa360d306a86583adc6bf83a4db537d"
            ],
            "markers": "python_version >= '2.6' and python_version not in '3.0, 3.1, 3.2, 3.3'",
            "version": "==0.18.2"
        },
        "importlib-metadata": {
            "hashes": [
                "sha256:b618b6d2d5ffa2f16add5697cf57a46c76a56229b0ed1c438322e4e95645bd15",
                "sha256:f284b3e11256ad1e5d03ab86bb2ccd6f5339688ff17a4d797a0fe7df326f23b1"
            ],
            "markers": "python_version < '3.8'",
            "version": "==4.8.1"
        },
        "ipdb": {
            "hashes": [
                "sha256:951bd9a64731c444fd907a5ce268543020086a697f6be08f7cc2c9a752a278c5"
            ],
            "index": "pypi",
            "version": "==0.13.9"
        },
        "ipython": {
            "hashes": [
                "sha256:2097be5c814d1b974aea57673176a924c4c8c9583890e7a5f082f547b9975b11",
                "sha256:f16148f9163e1e526f1008d7c8d966d9c15600ca20d1a754287cf96d00ba6f1d"
            ],
            "markers": "python_version >= '3.7'",
            "version": "==7.28.0"
        },
        "isort": {
            "hashes": [
                "sha256:9c2ea1e62d871267b78307fe511c0838ba0da28698c5732d54e2790bf3ba9899",
                "sha256:e17d6e2b81095c9db0a03a8025a957f334d6ea30b26f9ec70805411e5c7c81f2"
            ],
            "markers": "python_version < '4.0' and python_full_version >= '3.6.1'",
            "version": "==5.9.3"
        },
        "jedi": {
            "hashes": [
                "sha256:18456d83f65f400ab0c2d3319e48520420ef43b23a086fdc05dff34132f0fb93",
                "sha256:92550a404bad8afed881a137ec9a461fed49eca661414be45059329614ed0707"
            ],
            "markers": "python_version >= '3.6'",
            "version": "==0.18.0"
        },
        "lazy-object-proxy": {
            "hashes": [
                "sha256:17e0967ba374fc24141738c69736da90e94419338fd4c7c7bef01ee26b339653",
                "sha256:1fee665d2638491f4d6e55bd483e15ef21f6c8c2095f235fef72601021e64f61",
                "sha256:22ddd618cefe54305df49e4c069fa65715be4ad0e78e8d252a33debf00f6ede2",
                "sha256:24a5045889cc2729033b3e604d496c2b6f588c754f7a62027ad4437a7ecc4837",
                "sha256:410283732af311b51b837894fa2f24f2c0039aa7f220135192b38fcc42bd43d3",
                "sha256:4732c765372bd78a2d6b2150a6e99d00a78ec963375f236979c0626b97ed8e43",
                "sha256:489000d368377571c6f982fba6497f2aa13c6d1facc40660963da62f5c379726",
                "sha256:4f60460e9f1eb632584c9685bccea152f4ac2130e299784dbaf9fae9f49891b3",
                "sha256:5743a5ab42ae40caa8421b320ebf3a998f89c85cdc8376d6b2e00bd12bd1b587",
                "sha256:85fb7608121fd5621cc4377a8961d0b32ccf84a7285b4f1d21988b2eae2868e8",
                "sha256:9698110e36e2df951c7c36b6729e96429c9c32b3331989ef19976592c5f3c77a",
                "sha256:9d397bf41caad3f489e10774667310d73cb9c4258e9aed94b9ec734b34b495fd",
                "sha256:b579f8acbf2bdd9ea200b1d5dea36abd93cabf56cf626ab9c744a432e15c815f",
                "sha256:b865b01a2e7f96db0c5d12cfea590f98d8c5ba64ad222300d93ce6ff9138bcad",
                "sha256:bf34e368e8dd976423396555078def5cfc3039ebc6fc06d1ae2c5a65eebbcde4",
                "sha256:c6938967f8528b3668622a9ed3b31d145fab161a32f5891ea7b84f6b790be05b",
                "sha256:d1c2676e3d840852a2de7c7d5d76407c772927addff8d742b9808fe0afccebdf",
                "sha256:d7124f52f3bd259f510651450e18e0fd081ed82f3c08541dffc7b94b883aa981",
                "sha256:d900d949b707778696fdf01036f58c9876a0d8bfe116e8d220cfd4b15f14e741",
                "sha256:ebfd274dcd5133e0afae738e6d9da4323c3eb021b3e13052d8cbd0e457b1256e",
                "sha256:ed361bb83436f117f9917d282a456f9e5009ea12fd6de8742d1a4752c3017e93",
                "sha256:f5144c75445ae3ca2057faac03fda5a902eff196702b0a24daf1d6ce0650514b"
            ],
            "markers": "python_version >= '2.7' and python_version not in '3.0, 3.1, 3.2, 3.3, 3.4, 3.5'",
            "version": "==1.6.0"
        },
        "matplotlib-inline": {
            "hashes": [
                "sha256:a04bfba22e0d1395479f866853ec1ee28eea1485c1d69a6faf00dc3e24ff34ee",
                "sha256:aed605ba3b72462d64d475a21a9296f400a19c4f74a31b59103d2a99ffd5aa5c"
            ],
            "markers": "python_version >= '3.5'",
            "version": "==0.1.3"
        },
        "mccabe": {
            "hashes": [
                "sha256:ab8a6258860da4b6677da4bd2fe5dc2c659cff31b3ee4f7f5d64e79735b80d42",
                "sha256:dd8d182285a0fe56bace7f45b5e7d1a6ebcbf524e8f3bd87eb0f125271b8831f"
            ],
            "version": "==0.6.1"
        },
        "mypy-extensions": {
            "hashes": [
                "sha256:090fedd75945a69ae91ce1303b5824f428daf5a028d2f6ab8a299250a846f15d",
                "sha256:2d82818f5bb3e369420cb3c4060a7970edba416647068eb4c5343488a6c604a8"
            ],
            "version": "==0.4.3"
        },
        "parso": {
            "hashes": [
                "sha256:12b83492c6239ce32ff5eed6d3639d6a536170723c6f3f1506869f1ace413398",
                "sha256:a8c4922db71e4fdb90e0d0bc6e50f9b273d3397925e5e60a717e719201778d22"
            ],
            "markers": "python_version >= '3.6'",
            "version": "==0.8.2"
        },
        "pathspec": {
            "hashes": [
                "sha256:7d15c4ddb0b5c802d161efc417ec1a2558ea2653c2e8ad9c19098201dc1c993a",
                "sha256:e564499435a2673d586f6b2130bb5b95f04a3ba06f81b8f895b651a3c76aabb1"
            ],
            "version": "==0.9.0"
        },
        "pefile": {
            "hashes": [
                "sha256:344a49e40a94e10849f0fe34dddc80f773a12b40675bf2f7be4b8be578bdd94a"
            ],
            "markers": "sys_platform == 'win32'",
            "version": "==2021.9.3"
        },
        "pickleshare": {
            "hashes": [
                "sha256:87683d47965c1da65cdacaf31c8441d12b8044cdec9aca500cd78fc2c683afca",
                "sha256:9649af414d74d4df115d5d718f82acb59c9d418196b7b4290ed47a12ce62df56"
            ],
            "version": "==0.7.5"
        },
        "platformdirs": {
            "hashes": [
                "sha256:367a5e80b3d04d2428ffa76d33f124cf11e8fff2acdaa9b43d545f5c7d661ef2",
                "sha256:8868bbe3c3c80d42f20156f22e7131d2fb321f5bc86a2a345375c6481a67021d"
            ],
            "markers": "python_version >= '3.6'",
            "version": "==2.4.0"
        },
        "prompt-toolkit": {
            "hashes": [
                "sha256:6076e46efae19b1e0ca1ec003ed37a933dc94b4d20f486235d436e64771dcd5c",
                "sha256:eb71d5a6b72ce6db177af4a7d4d7085b99756bf656d98ffcc4fecd36850eea6c"
            ],
            "markers": "python_full_version >= '3.6.2'",
            "version": "==3.0.20"
        },
        "pycparser": {
            "hashes": [
                "sha256:2d475327684562c3a96cc71adf7dc8c4f0565175cf86b6d7a404ff4c771f15f0",
                "sha256:7582ad22678f0fcd81102833f60ef8d0e57288b6b5fb00323d101be910e35705"
            ],
            "markers": "python_version >= '2.7' and python_version not in '3.0, 3.1, 3.2, 3.3'",
            "version": "==2.20"
        },
        "pygments": {
            "hashes": [
                "sha256:b8e67fe6af78f492b3c4b3e2970c0624cbf08beb1e493b2c99b9fa1b67a20380",
                "sha256:f398865f7eb6874156579fdf36bc840a03cab64d1cde9e93d68f46a425ec52c6"
            ],
            "markers": "python_version >= '3.5'",
            "version": "==2.10.0"
        },
        "pyinstaller": {
            "hashes": [
                "sha256:30733baaf8971902286a0ddf77e5499ac5f7bf8e7c39163e83d4f8c696ef265e",
                "sha256:4d848cd782ee0893d7ad9fe2bfe535206a79f0b6760cecc5f2add831258b9322",
                "sha256:8f747b190e6ad30e2d2fd5da9a64636f61aac8c038c0b7f685efa92c782ea14f",
                "sha256:aae456205c68355f9597411090576bb31b614e53976b4c102d072bbe5db8392a",
                "sha256:c587da8f521a7ce1b9efb4e3d0117cd63c92dc6cedff24590aeef89372f53012",
                "sha256:ecc2baadeeefd2b6fbf39d13c65d4aa603afdda1c6aaaebc4577ba72893fee9e",
                "sha256:fed9f5e4802769a416a8f2ca171c6be961d1861cc05a0b71d20dfe05423137e9"
            ],
            "index": "pypi",
            "version": "==4.5.1"
        },
        "pyinstaller-hooks-contrib": {
            "hashes": [
                "sha256:169b09802a19f83593114821d6ba0416a05c7071ef0ca394f7bfb7e2c0c916c8",
                "sha256:a52bc3834281266bbf77239cfc9521923336ca622f44f90924546ed6c6d3ad5e"
            ],
            "version": "==2021.3"
        },
        "pylint": {
            "hashes": [
                "sha256:349b149e88e4357ed4f77ac3a4e61c0ab965cda293b6f4e58caf73d4b24ae551",
                "sha256:adc11bec00c2084bf55c81dd69e26f2793fef757547997d44b21aed038f74403"
            ],
            "index": "pypi",
            "version": "==3.0.0a4"
        },
        "pywin32": {
            "hashes": [
                "sha256:595d397df65f1b2e0beaca63a883ae6d8b6df1cdea85c16ae85f6d2e648133fe",
                "sha256:87604a4087434cd814ad8973bd47d6524bd1fa9e971ce428e76b62a5e0860fdf",
                "sha256:88981dd3cfb07432625b180f49bf4e179fb8cbb5704cd512e38dd63636af7a17",
                "sha256:8c9d33968aa7fcddf44e47750e18f3d034c3e443a707688a008a2e52bbef7e96",
                "sha256:93367c96e3a76dfe5003d8291ae16454ca7d84bb24d721e0b74a07610b7be4a7",
                "sha256:9635df6998a70282bd36e7ac2a5cef9ead1627b0a63b17c731312c7a0daebb72",
                "sha256:98f62a3f60aa64894a290fb7494bfa0bfa0a199e9e052e1ac293b2ad3cd2818b",
                "sha256:c866f04a182a8cb9b7855de065113bbd2e40524f570db73ef1ee99ff0a5cc2f0",
                "sha256:dafa18e95bf2a92f298fe9c582b0e205aca45c55f989937c52c454ce65b93c78",
                "sha256:fb3b4933e0382ba49305cc6cd3fb18525df7fd96aa434de19ce0878133bf8e4a"
            ],
            "index": "pypi",
            "markers": "sys_platform == 'win32'",
            "version": "==301"
        },
        "pywin32-ctypes": {
            "hashes": [
                "sha256:24ffc3b341d457d48e8922352130cf2644024a4ff09762a2261fd34c36ee5942",
                "sha256:9dc2d991b3479cc2df15930958b674a48a227d5361d413827a4cfd0b5876fc98"
            ],
            "markers": "sys_platform == 'win32'",
            "version": "==0.2.0"
        },
        "regex": {
            "hashes": [
                "sha256:0628ed7d6334e8f896f882a5c1240de8c4d9b0dd7c7fb8e9f4692f5684b7d656",
                "sha256:09eb62654030f39f3ba46bc6726bea464069c29d00a9709e28c9ee9623a8da4a",
                "sha256:0bba1f6df4eafe79db2ecf38835c2626dbd47911e0516f6962c806f83e7a99ae",
                "sha256:10a7a9cbe30bd90b7d9a1b4749ef20e13a3528e4215a2852be35784b6bd070f0",
                "sha256:17310b181902e0bb42b29c700e2c2346b8d81f26e900b1328f642e225c88bce1",
                "sha256:1e8d1898d4fb817120a5f684363b30108d7b0b46c7261264b100d14ec90a70e7",
                "sha256:2054dea683f1bda3a804fcfdb0c1c74821acb968093d0be16233873190d459e3",
                "sha256:29385c4dbb3f8b3a55ce13de6a97a3d21bd00de66acd7cdfc0b49cb2f08c906c",
                "sha256:295bc8a13554a25ad31e44c4bedabd3c3e28bba027e4feeb9bb157647a2344a7",
                "sha256:2cdb3789736f91d0b3333ac54d12a7e4f9efbc98f53cb905d3496259a893a8b3",
                "sha256:3baf3eaa41044d4ced2463fd5d23bf7bd4b03d68739c6c99a59ce1f95599a673",
                "sha256:4e61100200fa6ab7c99b61476f9f9653962ae71b931391d0264acfb4d9527d9c",
                "sha256:6266fde576e12357b25096351aac2b4b880b0066263e7bc7a9a1b4307991bb0e",
                "sha256:650c4f1fc4273f4e783e1d8e8b51a3e2311c2488ba0fcae6425b1e2c248a189d",
                "sha256:658e3477676009083422042c4bac2bdad77b696e932a3de001c42cc046f8eda2",
                "sha256:6adc1bd68f81968c9d249aab8c09cdc2cbe384bf2d2cb7f190f56875000cdc72",
                "sha256:6c4d83d21d23dd854ffbc8154cf293f4e43ba630aa9bd2539c899343d7f59da3",
                "sha256:6f74b6d8f59f3cfb8237e25c532b11f794b96f5c89a6f4a25857d85f84fbef11",
                "sha256:7783d89bd5413d183a38761fbc68279b984b9afcfbb39fa89d91f63763fbfb90",
                "sha256:7e3536f305f42ad6d31fc86636c54c7dafce8d634e56fef790fbacb59d499dd5",
                "sha256:821e10b73e0898544807a0692a276e539e5bafe0a055506a6882814b6a02c3ec",
                "sha256:835962f432bce92dc9bf22903d46c50003c8d11b1dc64084c8fae63bca98564a",
                "sha256:85c61bee5957e2d7be390392feac7e1d7abd3a49cbaed0c8cee1541b784c8561",
                "sha256:86f9931eb92e521809d4b64ec8514f18faa8e11e97d6c2d1afa1bcf6c20a8eab",
                "sha256:8a5c2250c0a74428fd5507ae8853706fdde0f23bfb62ee1ec9418eeacf216078",
                "sha256:8aec4b4da165c4a64ea80443c16e49e3b15df0f56c124ac5f2f8708a65a0eddc",
                "sha256:8c268e78d175798cd71d29114b0a1f1391c7d011995267d3b62319ec1a4ecaa1",
                "sha256:8d80087320632457aefc73f686f66139801959bf5b066b4419b92be85be3543c",
                "sha256:95e89a8558c8c48626dcffdf9c8abac26b7c251d352688e7ab9baf351e1c7da6",
                "sha256:9c371dd326289d85906c27ec2bc1dcdedd9d0be12b543d16e37bad35754bde48",
                "sha256:9c7cb25adba814d5f419733fe565f3289d6fa629ab9e0b78f6dff5fa94ab0456",
                "sha256:a731552729ee8ae9c546fb1c651c97bf5f759018fdd40d0e9b4d129e1e3a44c8",
                "sha256:aea4006b73b555fc5bdb650a8b92cf486d678afa168cf9b38402bb60bf0f9c18",
                "sha256:b0e3f59d3c772f2c3baaef2db425e6fc4149d35a052d874bb95ccfca10a1b9f4",
                "sha256:b15dc34273aefe522df25096d5d087abc626e388a28a28ac75a4404bb7668736",
                "sha256:c000635fd78400a558bd7a3c2981bb2a430005ebaa909d31e6e300719739a949",
                "sha256:c31f35a984caffb75f00a86852951a337540b44e4a22171354fb760cefa09346",
                "sha256:c50a6379763c733562b1fee877372234d271e5c78cd13ade5f25978aa06744db",
                "sha256:c94722bf403b8da744b7d0bb87e1f2529383003ceec92e754f768ef9323f69ad",
                "sha256:dcbbc9cfa147d55a577d285fd479b43103188855074552708df7acc31a476dd9",
                "sha256:fb9f5844db480e2ef9fce3a72e71122dd010ab7b2920f777966ba25f7eb63819"
            ],
            "version": "==2021.9.24"
        },
        "toml": {
            "hashes": [
                "sha256:806143ae5bfb6a3c6e736a764057db0e6a0e05e338b5630894a5f779cabb4f9b",
                "sha256:b3bda1d108d5dd99f4a20d24d9c348e91c4db7ab1b749200bded2f839ccbe68f"
            ],
            "markers": "python_version >= '2.6' and python_version not in '3.0, 3.1, 3.2, 3.3'",
            "version": "==0.10.2"
        },
        "tomli": {
            "hashes": [
                "sha256:8dd0e9524d6f386271a36b41dbf6c57d8e32fd96fd22b6584679dc569d20899f",
                "sha256:a5b75cb6f3968abb47af1b40c1819dc519ea82bcc065776a866e8d74c5ca9442"
            ],
            "markers": "python_version >= '3.6'",
            "version": "==1.2.1"
        },
        "traitlets": {
            "hashes": [
                "sha256:03f172516916220b58c9f19d7f854734136dd9528103d04e9bf139a92c9f54c4",
                "sha256:bd382d7ea181fbbcce157c133db9a829ce06edffe097bcf3ab945b435452b46d"
            ],
            "markers": "python_version >= '3.7'",
            "version": "==5.1.0"
        },
        "typed-ast": {
            "hashes": [
                "sha256:01ae5f73431d21eead5015997ab41afa53aa1fbe252f9da060be5dad2c730ace",
                "sha256:067a74454df670dcaa4e59349a2e5c81e567d8d65458d480a5b3dfecec08c5ff",
                "sha256:0fb71b8c643187d7492c1f8352f2c15b4c4af3f6338f21681d3681b3dc31a266",
                "sha256:1b3ead4a96c9101bef08f9f7d1217c096f31667617b58de957f690c92378b528",
                "sha256:2068531575a125b87a41802130fa7e29f26c09a2833fea68d9a40cf33902eba6",
                "sha256:209596a4ec71d990d71d5e0d312ac935d86930e6eecff6ccc7007fe54d703808",
                "sha256:2c726c276d09fc5c414693a2de063f521052d9ea7c240ce553316f70656c84d4",
                "sha256:398e44cd480f4d2b7ee8d98385ca104e35c81525dd98c519acff1b79bdaac363",
                "sha256:52b1eb8c83f178ab787f3a4283f68258525f8d70f778a2f6dd54d3b5e5fb4341",
                "sha256:5feca99c17af94057417d744607b82dd0a664fd5e4ca98061480fd8b14b18d04",
                "sha256:7538e495704e2ccda9b234b82423a4038f324f3a10c43bc088a1636180f11a41",
                "sha256:760ad187b1041a154f0e4d0f6aae3e40fdb51d6de16e5c99aedadd9246450e9e",
                "sha256:777a26c84bea6cd934422ac2e3b78863a37017618b6e5c08f92ef69853e765d3",
                "sha256:95431a26309a21874005845c21118c83991c63ea800dd44843e42a916aec5899",
                "sha256:9ad2c92ec681e02baf81fdfa056fe0d818645efa9af1f1cd5fd6f1bd2bdfd805",
                "sha256:9c6d1a54552b5330bc657b7ef0eae25d00ba7ffe85d9ea8ae6540d2197a3788c",
                "sha256:aee0c1256be6c07bd3e1263ff920c325b59849dc95392a05f258bb9b259cf39c",
                "sha256:af3d4a73793725138d6b334d9d247ce7e5f084d96284ed23f22ee626a7b88e39",
                "sha256:b36b4f3920103a25e1d5d024d155c504080959582b928e91cb608a65c3a49e1a",
                "sha256:b9574c6f03f685070d859e75c7f9eeca02d6933273b5e69572e5ff9d5e3931c3",
                "sha256:bff6ad71c81b3bba8fa35f0f1921fb24ff4476235a6e94a26ada2e54370e6da7",
                "sha256:c190f0899e9f9f8b6b7863debfb739abcb21a5c054f911ca3596d12b8a4c4c7f",
                "sha256:c907f561b1e83e93fad565bac5ba9c22d96a54e7ea0267c708bffe863cbe4075",
                "sha256:cae53c389825d3b46fb37538441f75d6aecc4174f615d048321b716df2757fb0",
                "sha256:dd4a21253f42b8d2b48410cb31fe501d32f8b9fbeb1f55063ad102fe9c425e40",
                "sha256:dde816ca9dac1d9c01dd504ea5967821606f02e510438120091b84e852367428",
                "sha256:f2362f3cb0f3172c42938946dbc5b7843c2a28aec307c49100c8b38764eb6927",
                "sha256:f328adcfebed9f11301eaedfa48e15bdece9b519fb27e6a8c01aa52a17ec31b3",
                "sha256:f8afcf15cc511ada719a88e013cec87c11aff7b91f019295eb4530f96fe5ef2f",
                "sha256:fb1bbeac803adea29cedd70781399c99138358c26d05fcbd23c13016b7f5ec65"
            ],
            "markers": "python_version < '3.8' and implementation_name == 'cpython'",
            "version": "==1.4.3"
        },
        "typing-extensions": {
            "hashes": [
                "sha256:49f75d16ff11f1cd258e1b988ccff82a3ca5570217d7ad8c5f48205dd99a677e",
                "sha256:d8226d10bc02a29bcc81df19a26e56a9647f8b0a6d4a83924139f4a8b01f17b7",
                "sha256:f1d25edafde516b146ecd0613dabcc61409817af4766fbbcfb8d1ad4ec441a34"
            ],
            "markers": "python_version < '3.8'",
            "version": "==3.10.0.2"
        },
        "wcwidth": {
            "hashes": [
                "sha256:beb4802a9cebb9144e99086eff703a642a13d6a0052920003a230f3294bbe784",
                "sha256:c4d647b99872929fdb7bdcaa4fbe7f01413ed3d98077df798530e5b04f116c83"
            ],
            "version": "==0.2.5"
        },
        "wrapt": {
            "hashes": [
                "sha256:b62ffa81fb85f4332a4f609cab4ac40709470da05643a082ec1eb88e6d9b97d7"
            ],
            "version": "==1.12.1"
        },
        "zipp": {
            "hashes": [
                "sha256:1fc9641b26f3bd81069b7738b039f2819cab6e3fc3399a953e19d92cc81eff4d",
                "sha256:8dc6c4d5a809d659067cc713f76bcf42fae8ae641db12fddfa93694a15abc96b"
            ],
            "markers": "python_version >= '3.6'",
            "version": "==3.5.1"
        }
    }
}
